
Microsoft Visual Studio Solution File, Format Version 12.00
# Visual Studio 15
VisualStudioVersion = 15.0.28010.2036
MinimumVisualStudioVersion = 10.0.40219.1
Project("{FAE04EC0-301F-11D3-BF4B-00C04F79EFBC}") = "BookEditorWeb", "BookEditorWeb\BookEditorWeb.csproj", "{F4DDF9D9-3FC6-4056-BAE5-12D2E2F4548F}"
EndProject
Project("{FAE04EC0-301F-11D3-BF4B-00C04F79EFBC}") = "BookEditorWeb.Tests", "BookEditorWeb.Tests\BookEditorWeb.Tests.csproj", "{2027B698-47CA-4BDF-95B6-3AAD790EDCD1}"
EndProject
Global
	GlobalSection(SolutionConfigurationPlatforms) = preSolution
		Debug|Any CPU = Debug|Any CPU
		Release|Any CPU = Release|Any CPU
	EndGlobalSection
	GlobalSection(ProjectConfigurationPlatforms) = postSolution
		{F4DDF9D9-3FC6-4056-BAE5-12D2E2F4548F}.Debug|Any CPU.ActiveCfg = Debug|Any CPU
		{F4DDF9D9-3FC6-4056-BAE5-12D2E2F4548F}.Debug|Any CPU.Build.0 = Debug|Any CPU
		{F4DDF9D9-3FC6-4056-BAE5-12D2E2F4548F}.Release|Any CPU.ActiveCfg = Release|Any CPU
		{F4DDF9D9-3FC6-4056-BAE5-12D2E2F4548F}.Release|Any CPU.Build.0 = Release|Any CPU
		{2027B698-47CA-4BDF-95B6-3AAD790EDCD1}.Debug|Any CPU.ActiveCfg = Debug|Any CPU
		{2027B698-47CA-4BDF-95B6-3AAD790EDCD1}.Debug|Any CPU.Build.0 = Debug|Any CPU
		{2027B698-47CA-4BDF-95B6-3AAD790EDCD1}.Release|Any CPU.ActiveCfg = Release|Any CPU
		{2027B698-47CA-4BDF-95B6-3AAD790EDCD1}.Release|Any CPU.Build.0 = Release|Any CPU
	EndGlobalSection
	GlobalSection(SolutionProperties) = preSolution
		HideSolutionNode = FALSE
	EndGlobalSection
	GlobalSection(ExtensibilityGlobals) = postSolution
		SolutionGuid = {AEB639BA-D67B-4487-8BFF-AF17C73596BE}
	EndGlobalSection
EndGlobal
